PODS:
  - Alamofire (5.0.0-beta.2)
  - PryntTrimmerView (3.0.0)
  - SteviaLayout (4.4.3)
  - SwiftLocation (3.2.3):
    - SwiftyJSON (~> 4.0.0-alpha.1)
  - SwiftyJSON (4.0.0)
  - YPImagePicker (3.5.3):
    - PryntTrimmerView (~> 3.0.0)
    - SteviaLayout (~> 4.4.1)

DEPENDENCIES:
  - Alamofire (~> 5.0.0.beta.1)
  - SwiftLocation (~> 3.2.3)
  - SwiftyJSON (~> 4.0)
  - YPImagePicker

SPEC REPOS:
  https://github.com/cocoapods/specs.git:
    - Alamofire
    - PryntTrimmerView
    - SteviaLayout
    - SwiftLocation
    - SwiftyJSON
    - YPImagePicker

SPEC CHECKSUMS:
  Alamofire: d1e5493588babe3e7b56ae29e8032942f4de09fe
  PryntTrimmerView: 53ac64053c7ce63cb3e27f54090f52da0734891d
  SteviaLayout: ae5ee66101e03607a93c9b3773b84ab7ba7b3d17
  SwiftLocation: a3c3bc2023118171ef3572188a31def94aa0892c
  SwiftyJSON: 070dabdcb1beb81b247c65ffa3a79dbbfb3b48aa
  YPImagePicker: 5dd3814b47b1208e9c8cc8f6ef77fe90db3723b6

PODFILE CHECKSUM: 09c32bbacacc44848abcd552fa34c7e4795a5c0b

COCOAPODS: 1.5.3
